
Microsoft Visual Studio Solution File, Format Version 12.00
# Visual Studio 2012
Project("{FAE04EC0-301F-11D3-BF4B-00C04F79EFBC}") = "WebUI", "InoReader.WebUI\WebUI.csproj", "{898F62E9-685B-455A-B1B0-7F744DDDF9ED}"
EndProject
Project("{FAE04EC0-301F-11D3-BF4B-00C04F79EFBC}") = "Domain", "Domain\Domain.csproj", "{AF8374F8-BBCF-4DFA-BB9D-37D58598F94C}"
EndProject
Global
	GlobalSection(SolutionConfigurationPlatforms) = preSolution
		Debug|Any CPU = Debug|Any CPU
		Debug|ARM = Debug|ARM
		Debug|x64 = Debug|x64
		Debug|x86 = Debug|x86
		Release|Any CPU = Release|Any CPU
		Release|ARM = Release|ARM
		Release|x64 = Release|x64
		Release|x86 = Release|x86
	EndGlobalSection
	GlobalSection(ProjectConfigurationPlatforms) = postSolution
		{898F62E9-685B-455A-B1B0-7F744DDDF9ED}.Debug|Any CPU.ActiveCfg = Debug|Any CPU
		{898F62E9-685B-455A-B1B0-7F744DDDF9ED}.Debug|Any CPU.Build.0 = Debug|Any CPU
		{898F62E9-685B-455A-B1B0-7F744DDDF9ED}.Debug|ARM.ActiveCfg = Debug|Any CPU
		{898F62E9-685B-455A-B1B0-7F744DDDF9ED}.Debug|x64.ActiveCfg = Debug|Any CPU
		{898F62E9-685B-455A-B1B0-7F744DDDF9ED}.Debug|x86.ActiveCfg = Debug|Any CPU
		{898F62E9-685B-455A-B1B0-7F744DDDF9ED}.Release|Any CPU.ActiveCfg = Release|Any CPU
		{898F62E9-685B-455A-B1B0-7F744DDDF9ED}.Release|Any CPU.Build.0 = Release|Any CPU
		{898F62E9-685B-455A-B1B0-7F744DDDF9ED}.Release|ARM.ActiveCfg = Release|Any CPU
		{898F62E9-685B-455A-B1B0-7F744DDDF9ED}.Release|x64.ActiveCfg = Release|Any CPU
		{898F62E9-685B-455A-B1B0-7F744DDDF9ED}.Release|x86.ActiveCfg = Release|Any CPU
		{AF8374F8-BBCF-4DFA-BB9D-37D58598F94C}.Debug|Any CPU.ActiveCfg = Debug|Any CPU
		{AF8374F8-BBCF-4DFA-BB9D-37D58598F94C}.Debug|Any CPU.Build.0 = Debug|Any CPU
		{AF8374F8-BBCF-4DFA-BB9D-37D58598F94C}.Debug|ARM.ActiveCfg = Debug|Any CPU
		{AF8374F8-BBCF-4DFA-BB9D-37D58598F94C}.Debug|x64.ActiveCfg = Debug|Any CPU
		{AF8374F8-BBCF-4DFA-BB9D-37D58598F94C}.Debug|x86.ActiveCfg = Debug|Any CPU
		{AF8374F8-BBCF-4DFA-BB9D-37D58598F94C}.Release|Any CPU.ActiveCfg = Release|Any CPU
		{AF8374F8-BBCF-4DFA-BB9D-37D58598F94C}.Release|Any CPU.Build.0 = Release|Any CPU
		{AF8374F8-BBCF-4DFA-BB9D-37D58598F94C}.Release|ARM.ActiveCfg = Release|Any CPU
		{AF8374F8-BBCF-4DFA-BB9D-37D58598F94C}.Release|x64.ActiveCfg = Release|Any CPU
		{AF8374F8-BBCF-4DFA-BB9D-37D58598F94C}.Release|x86.ActiveCfg = Release|Any CPU
	EndGlobalSection
	GlobalSection(SolutionProperties) = preSolution
		HideSolutionNode = FALSE
	EndGlobalSection
EndGlobal
